
Microsoft Visual Studio Solution File, Format Version 12.00
# Visual Studio Version 17
VisualStudioVersion = 17.2.32616.157
MinimumVisualStudioVersion = 10.0.40219.1
Project("{FAE04EC0-301F-11D3-BF4B-00C04F79EFBC}") = "Seting-DOS", "Seting-DOS\Seting-DOS.csproj", "{9E83144F-FD4F-434F-9BC0-B19C5DF0A0FF}"
EndProject
Global
	GlobalSection(SolutionConfigurationPlatforms) = preSolution
		Debug|Any CPU = Debug|Any CPU
		Release|Any CPU = Release|Any CPU
	EndGlobalSection
	GlobalSection(ProjectConfigurationPlatforms) = postSolution
		{9E83144F-FD4F-434F-9BC0-B19C5DF0A0FF}.Debug|Any CPU.ActiveCfg = Debug|Any CPU
		{9E83144F-FD4F-434F-9BC0-B19C5DF0A0FF}.Debug|Any CPU.Build.0 = Debug|Any CPU
		{9E83144F-FD4F-434F-9BC0-B19C5DF0A0FF}.Release|Any CPU.ActiveCfg = Release|Any CPU
		{9E83144F-FD4F-434F-9BC0-B19C5DF0A0FF}.Release|Any CPU.Build.0 = Release|Any CPU
	EndGlobalSection
	GlobalSection(SolutionProperties) = preSolution
		HideSolutionNode = FALSE
	EndGlobalSection
	GlobalSection(ExtensibilityGlobals) = postSolution
		SolutionGuid = {51648D26-8FC0-4864-8A07-8E0ED68DF001}
	EndGlobalSection
EndGlobal
